
Microsoft Visual Studio Solution File, Format Version 11.00
# Visual Studio 2010
Project("{FAE04EC0-301F-11D3-BF4B-00C04F79EFBC}") = "Ru", "Ru\Ru.csproj", "{5CE7B026-D329-41B4-8412-AD90787B3048}"
EndProject
Project("{FAE04EC0-301F-11D3-BF4B-00C04F79EFBC}") = "RuBiz", "RuBiz\RuBiz.csproj", "{1D271543-01DF-4C22-A941-73E52EE15D5B}"
EndProject
Global
	GlobalSection(SolutionConfigurationPlatforms) = preSolution
		Debug|Any CPU = Debug|Any CPU
		Debug|Mixed Platforms = Debug|Mixed Platforms
		Debug|x86 = Debug|x86
		Release|Any CPU = Release|Any CPU
		Release|Mixed Platforms = Release|Mixed Platforms
		Release|x86 = Release|x86
	EndGlobalSection
	GlobalSection(ProjectConfigurationPlatforms) = postSolution
		{5CE7B026-D329-41B4-8412-AD90787B3048}.Debug|Any CPU.ActiveCfg = Debug|x86
		{5CE7B026-D329-41B4-8412-AD90787B3048}.Debug|Mixed Platforms.ActiveCfg = Debug|x86
		{5CE7B026-D329-41B4-8412-AD90787B3048}.Debug|Mixed Platforms.Build.0 = Debug|x86
		{5CE7B026-D329-41B4-8412-AD90787B3048}.Debug|x86.ActiveCfg = Debug|x86
		{5CE7B026-D329-41B4-8412-AD90787B3048}.Debug|x86.Build.0 = Debug|x86
		{5CE7B026-D329-41B4-8412-AD90787B3048}.Release|Any CPU.ActiveCfg = Release|x86
		{5CE7B026-D329-41B4-8412-AD90787B3048}.Release|Mixed Platforms.ActiveCfg = Release|x86
		{5CE7B026-D329-41B4-8412-AD90787B3048}.Release|Mixed Platforms.Build.0 = Release|x86
		{5CE7B026-D329-41B4-8412-AD90787B3048}.Release|x86.ActiveCfg = Release|x86
		{5CE7B026-D329-41B4-8412-AD90787B3048}.Release|x86.Build.0 = Release|x86
		{1D271543-01DF-4C22-A941-73E52EE15D5B}.Debug|Any CPU.ActiveCfg = Debug|Any CPU
		{1D271543-01DF-4C22-A941-73E52EE15D5B}.Debug|Any CPU.Build.0 = Debug|Any CPU
		{1D271543-01DF-4C22-A941-73E52EE15D5B}.Debug|Mixed Platforms.ActiveCfg = Debug|Any CPU
		{1D271543-01DF-4C22-A941-73E52EE15D5B}.Debug|Mixed Platforms.Build.0 = Debug|Any CPU
		{1D271543-01DF-4C22-A941-73E52EE15D5B}.Debug|x86.ActiveCfg = Debug|Any CPU
		{1D271543-01DF-4C22-A941-73E52EE15D5B}.Release|Any CPU.ActiveCfg = Release|Any CPU
		{1D271543-01DF-4C22-A941-73E52EE15D5B}.Release|Any CPU.Build.0 = Release|Any CPU
		{1D271543-01DF-4C22-A941-73E52EE15D5B}.Release|Mixed Platforms.ActiveCfg = Release|Any CPU
		{1D271543-01DF-4C22-A941-73E52EE15D5B}.Release|Mixed Platforms.Build.0 = Release|Any CPU
		{1D271543-01DF-4C22-A941-73E52EE15D5B}.Release|x86.ActiveCfg = Release|Any CPU
	EndGlobalSection
	GlobalSection(SolutionProperties) = preSolution
		HideSolutionNode = FALSE
	EndGlobalSection
EndGlobal
